PODS:
  - CFYNavigationBarTransition (1.3.0)

DEPENDENCIES:
  - CFYNavigationBarTransition (from `./`)

EXTERNAL SOURCES:
  CFYNavigationBarTransition:
    :path: "./"

SPEC CHECKSUMS:
  CFYNavigationBarTransition: dbb65ffd10cead9d210dad1ef48272740d7fd83a

PODFILE CHECKSUM: 8f6d017c953191ad10b3e122c0c51c66dcbaf29e

COCOAPODS: 1.5.3
